{
  "name": "thread",
  "version": "0.1.0",
  "lockfileVersion": 3,
  "requires": true,
  "packages": {
    "": {
      "name": "thread",
      "version": "0.1.0",
      "license": "MIT",
      "dependencies": {
        "@earendil-works/pi-ai": "^0.84.2",
        "@earendil-works/pi-tui": "^0.84.2",
        "htmlparser2": "^8.0.2",
        "turndown": "^7.2.0"
      },
      "bin": {
        "thread": "dist/src/cli/main.js"
      },
      "devDependencies": {
        "@types/node": "24.3.0",
        "@types/turndown": "^5.0.5",
        "tsx": "4.20.5",
        "typescript": "5.9.2"
      },
      "engines": {
        "node": ">=22.19.0"
      }
    },
    "node_modules/@anthropic-ai/sdk": {
      "version": "0.91.1",
      "license": "MIT",
      "dependencies": {
        "json-schema-to-ts": "^3.1.1"
      },
      "bin": {
        "anthropic-ai-sdk": "bin/cli"
      },
      "peerDependencies": {
        "zod": "^3.25.0 || ^4.0.0"
      },
      "peerDependenciesMeta": {
        "zod": {
          "optional": true
        }
      }
    },
    "node_modules/@aws-crypto/sha256-browser": {
      "version": "5.2.0",
      "license": "Apache-2.0",
      "dependencies": {
        "@aws-crypto/sha256-js": "^5.2.0",
        "@aws-crypto/supports-web-crypto": "^5.2.0",
        "@aws-crypto/util": "^5.2.0",
        "@aws-sdk/types": "^3.222.0",
        "@aws-sdk/util-locate-window": "^3.0.0",
        "@smithy/util-utf8": "^2.0.0",
        "tslib": "^2.6.2"
      }
    },
    "node_modules/@aws-crypto/sha256-js": {
      "version": "5.2.0",
      "license": "Apache-2.0",
      "dependencies": {
        "@aws-crypto/util": "^5.2.0",
        "@aws-sdk/types": "^3.222.0",
        "tslib": "^2.6.2"
      },
      "engines": {
        "node": ">=16.0.0"
      }
    },
    "node_modules/@aws-crypto/supports-web-crypto": {
      "version": "5.2.0",
      "license": "Apache-2.0",
      "dependencies": {
        "tslib": "^2.6.2"
      }
    },
    "node_modules/@aws-crypto/util": {
      "version": "5.2.0",
      "license": "Apache-2.0",
      "dependencies": {
        "@aws-sdk/types": "^3.222.0",
        "@smithy/util-utf8": "^2.0.0",
        "tslib": "^2.6.2"
      }
    },
    "node_modules/@aws-sdk/client-bedrock-runtime": {
      "version": "3.1048.0",
      "license": "Apache-2.0",
      "dependencies": {
        "@aws-crypto/sha256-browser": "5.2.0",
        "@aws-crypto/sha256-js": "5.2.0",
        "@aws-sdk/core": "^3.974.11",
        "@aws-sdk/credential-provider-node": "^3.972.42",
        "@aws-sdk/eventstream-handler-node": "^3.972.16",
        "@aws-sdk/middleware-eventstream": "^3.972.12",
        "@aws-sdk/middleware-websocket": "^3.972.19",
        "@aws-sdk/token-providers": "3.1048.0",
        "@aws-sdk/types": "^3.973.8",
        "@smithy/core": "^3.24.2",
        "@smithy/fetch-http-handler": "^5.4.2",
        "@smithy/node-http-handler": "^4.7.2",
        "@smithy/types": "^4.14.1",
        "tslib": "^2.6.2"
      },
      "engines": {
        "node": ">=20.0.0"
      }
    },
    "node_modules/@aws-sdk/core": {
      "version": "3.977.8",
      "license": "Apache-2.0",
      "dependencies": {
        "@aws-sdk/types": "^3.974.4",
        "@aws-sdk/xml-builder": "^3.972.39",
        "@aws/lambda-invoke-store": "^0.3.0",
        "@smithy/core": "^3.31.1",
        "@smithy/signature-v4": "^5.6.12",
        "@smithy/types": "^4.16.1",
        "bowser": "^2.11.0",
        "tslib": "^2.6.2"
      },
      "engines": {
        "node": ">=20.0.0"
      }
    },
    "node_modules/@aws-sdk/credential-provider-env": {
      "version": "3.972.69",
      "license": "Apache-2.0",
      "dependencies": {
        "@aws-sdk/core": "^3.977.8",
        "@aws-sdk/types": "^3.974.4",
        "@smithy/core": "^3.31.1",
        "@smithy/types": "^4.16.1",
        "tslib": "^2.6.2"
      },
      "engines": {
        "node": ">=20.0.0"
      }
    },
    "node_modules/@aws-sdk/credential-provider-http": {
      "version": "3.972.71",
      "license": "Apache-2.0",
      "dependencies": {
        "@aws-sdk/core": "^3.977.8",
        "@aws-sdk/types": "^3.974.4",
        "@smithy/core": "^3.31.1",
        "@smithy/fetch-http-handler": "^5.6.13",
        "@smithy/node-http-handler": "^4.9.13",
        "@smithy/types": "^4.16.1",
        "tslib": "^2.6.2"
      },
      "engines": {
        "node": ">=20.0.0"
      }
    },
    "node_modules/@aws-sdk/credential-provider-http/node_modules/@smithy/node-http-handler": {
      "version": "4.11.2",
      "license": "Apache-2.0",
      "dependencies": {
        "@smithy/core": "^3.33.2",
        "@smithy/types": "^4.17.2",
        "tslib": "^2.6.2"
      },
      "engines": {
        "node": ">=18.0.0"
      }
    },
    "node_modules/@aws-sdk/credential-provider-ini": {
      "version": "3.973.14",
      "license": "Apache-2.0",
      "dependencies": {
        "@aws-sdk/core": "^3.977.8",
        "@aws-sdk/credential-provider-env": "^3.972.69",
        "@aws-sdk/credential-provider-http": "^3.972.71",
        "@aws-sdk/credential-provider-login": "^3.972.76",
        "@aws-sdk/credential-provider-process": "^3.972.69",
        "@aws-sdk/credential-provider-sso": "^3.973.13",
        "@aws-sdk/credential-provider-web-identity": "^3.972.75",
        "@aws-sdk/nested-clients": "^3.997.43",
        "@aws-sdk/types": "^3.974.4",
        "@smithy/core": "^3.31.1",
        "@smithy/credential-provider-imds": "^4.4.16",
        "@smithy/types": "^4.16.1",
        "tslib": "^2.6.2"
      },
      "engines": {
        "node": ">=20.0.0"
      }
    },
    "node_modules/@aws-sdk/credential-provider-login": {
      "version": "3.972.76",
      "license": "Apache-2.0",
      "dependencies": {
        "@aws-sdk/core": "^3.977.8",
        "@aws-sdk/nested-clients": "^3.997.43",
        "@aws-sdk/types": "^3.974.4",
        "@smithy/core": "^3.31.1",
        "@smithy/types": "^4.16.1",
        "tslib": "^2.6.2"
      },
      "engines": {
        "node": ">=20.0.0"
      }
    },
    "node_modules/@aws-sdk/credential-provider-node": {
      "version": "3.972.80",
      "license": "Apache-2.0",
      "dependencies": {
        "@aws-sdk/credential-provider-env": "^3.972.69",
        "@aws-sdk/credential-provider-http": "^3.972.71",
        "@aws-sdk/credential-provider-ini": "^3.973.14",
        "@aws-sdk/credential-provider-process": "^3.972.69",
        "@aws-sdk/credential-provider-sso": "^3.973.13",
        "@aws-sdk/credential-provider-web-identity": "^3.972.75",
        "@aws-sdk/types": "^3.974.4",
        "@smithy/core": "^3.31.1",
        "@smithy/credential-provider-imds": "^4.4.16",
        "@smithy/types": "^4.16.1",
        "tslib": "^2.6.2"
      },
      "engines": {
        "node": ">=20.0.0"
      }
    },
    "node_modules/@aws-sdk/credential-provider-process": {
      "version": "3.972.69",
      "license": "Apache-2.0",
      "dependencies": {
        "@aws-sdk/core": "^3.977.8",
        "@aws-sdk/types": "^3.974.4",
        "@smithy/core": "^3.31.1",
        "@smithy/types": "^4.16.1",
        "tslib": "^2.6.2"
      },
      "engines": {
        "node": ">=20.0.0"
      }
    },
    "node_modules/@aws-sdk/credential-provider-sso": {
      "version": "3.973.13",
      "license": "Apache-2.0",
      "dependencies": {
        "@aws-sdk/core": "^3.977.8",
        "@aws-sdk/nested-clients": "^3.997.43",
        "@aws-sdk/token-providers": "3.1111.0",
        "@aws-sdk/types": "^3.974.4",
        "@smithy/core": "^3.31.1",
        "@smithy/types": "^4.16.1",
        "tslib": "^2.6.2"
      },
      "engines": {
        "node": ">=20.0.0"
      }
    },
    "node_modules/@aws-sdk/credential-provider-sso/node_modules/@aws-sdk/token-providers": {
      "version": "3.1111.0",
      "license": "Apache-2.0",
      "dependencies": {
        "@aws-sdk/core": "^3.977.8",
        "@aws-sdk/nested-clients": "^3.997.43",
        "@aws-sdk/types": "^3.974.4",
        "@smithy/core": "^3.31.1",
        "@smithy/types": "^4.16.1",
        "tslib": "^2.6.2"
      },
      "engines": {
        "node": ">=20.0.0"
      }
    },
    "node_modules/@aws-sdk/credential-provider-web-identity": {
      "version": "3.972.75",
      "license": "Apache-2.0",
      "dependencies": {
        "@aws-sdk/core": "^3.977.8",
        "@aws-sdk/nested-clients": "^3.997.43",
        "@aws-sdk/types": "^3.974.4",
        "@smithy/core": "^3.31.1",
        "@smithy/types": "^4.16.1",
        "tslib": "^2.6.2"
      },
      "engines": {
        "node": ">=20.0.0"
      }
    },
    "node_modules/@aws-sdk/eventstream-handler-node": {
      "version": "3.972.33",
      "license": "Apache-2.0",
      "dependencies": {
        "@aws-sdk/types": "^3.974.4",
        "@smithy/core": "^3.31.1",
        "@smithy/types": "^4.16.1",
        "tslib": "^2.6.2"
      },
      "engines": {
        "node": ">=20.0.0"
      }
    },
    "node_modules/@aws-sdk/middleware-eventstream": {
      "version": "3.972.28",
      "license": "Apache-2.0",
      "dependencies": {
        "@aws-sdk/types": "^3.974.4",
        "@smithy/core": "^3.31.1",
        "@smithy/types": "^4.16.1",
        "tslib": "^2.6.2"
      },
      "engines": {
        "node": ">=20.0.0"
      }
    },
    "node_modules/@aws-sdk/middleware-websocket": {
      "version": "3.972.51",
      "license": "Apache-2.0",
      "dependencies": {
        "@aws-sdk/core": "^3.977.8",
        "@aws-sdk/types": "^3.974.4",
        "@smithy/core": "^3.31.1",
        "@smithy/fetch-http-handler": "^5.6.13",
        "@smithy/signature-v4": "^5.6.12",
        "@smithy/types": "^4.16.1",
        "tslib": "^2.6.2"
      },
      "engines": {
        "node": ">= 14.0.0"
      }
    },
    "node_modules/@aws-sdk/nested-clients": {
      "version": "3.997.43",
      "license": "Apache-2.0",
      "dependencies": {
        "@aws-sdk/core": "^3.977.8",
        "@aws-sdk/signature-v4-multi-region": "^3.996.45",
        "@aws-sdk/types": "^3.974.4",
        "@smithy/core": "^3.31.1",
        "@smithy/fetch-http-handler": "^5.6.13",
        "@smithy/node-http-handler": "^4.9.13",
        "@smithy/types": "^4.16.1",
        "tslib": "^2.6.2"
      },
      "engines": {
        "node": ">=20.0.0"
      }
    },
    "node_modules/@aws-sdk/nested-clients/node_modules/@smithy/node-http-handler": {
      "version": "4.11.2",
      "license": "Apache-2.0",
      "dependencies": {
        "@smithy/core": "^3.33.2",
        "@smithy/types": "^4.17.2",
        "tslib": "^2.6.2"
      },
      "engines": {
        "node": ">=18.0.0"
      }
    },
    "node_modules/@aws-sdk/signature-v4-multi-region": {
      "version": "3.996.45",
      "license": "Apache-2.0",
      "dependencies": {
        "@aws-sdk/types": "^3.974.4",
        "@smithy/signature-v4": "^5.6.12",
        "@smithy/types": "^4.16.1",
        "tslib": "^2.6.2"
      },
      "engines": {
        "node": ">=20.0.0"
      }
    },
    "node_modules/@aws-sdk/token-providers": {
      "version": "3.1048.0",
      "license": "Apache-2.0",
      "dependencies": {
        "@aws-sdk/core": "^3.974.11",
        "@aws-sdk/nested-clients": "^3.997.9",
        "@aws-sdk/types": "^3.973.8",
        "@smithy/core": "^3.24.2",
        "@smithy/types": "^4.14.1",
        "tslib": "^2.6.2"
      },
      "engines": {
        "node": ">=20.0.0"
      }
    },
    "node_modules/@aws-sdk/types": {
      "version": "3.974.4",
      "license": "Apache-2.0",
      "dependencies": {
        "@smithy/types": "^4.16.1",
        "tslib": "^2.6.2"
      },
      "engines": {
        "node": ">=20.0.0"
      }
    },
    "node_modules/@aws-sdk/util-locate-window": {
      "version": "3.965.10",
      "license": "Apache-2.0",
      "dependencies": {
        "tslib": "^2.6.2"
      },
      "engines": {
        "node": ">=20.0.0"
      }
    },
    "node_modules/@aws-sdk/xml-builder": {
      "version": "3.972.39",
      "license": "Apache-2.0",
      "dependencies": {
        "@smithy/types": "^4.16.1",
        "tslib": "^2.6.2"
      },
      "engines": {
        "node": ">=20.0.0"
      }
    },
    "node_modules/@aws/lambda-invoke-store": {
      "version": "0.3.0",
      "license": "Apache-2.0",
      "engines": {
        "node": ">=18.0.0"
      }
    },
    "node_modules/@babel/runtime": {
      "version": "7.29.7",
      "license": "MIT",
      "engines": {
        "node": ">=6.9.0"
      }
    },
    "node_modules/@earendil-works/pi-ai": {
      "version": "0.84.2",
      "resolved": "https://registry.npmmirror.com/@earendil-works/pi-ai/-/pi-ai-0.84.2.tgz",
      "integrity": "sha512-6MzsrYIYNVlE7SfpbL2yYb67Qo58p/7Q+xWG1RZvoX1P80aRCHSod2/13aFpxkow1lPO2LEh3c495J0Gwmyjig==",
      "license": "MIT",
      "dependencies": {
        "@anthropic-ai/sdk": "0.91.1",
        "@aws-sdk/client-bedrock-runtime": "3.1048.0",
        "@earendil-works/pi-telemetry": "^0.84.2",
        "@google/genai": "1.52.0",
        "@opentelemetry/api": "1.9.0",
        "@smithy/node-http-handler": "4.7.3",
        "http-proxy-agent": "7.0.2",
        "https-proxy-agent": "7.0.6",
        "openai": "6.40.0",
        "partial-json": "0.1.7",
        "typebox": "1.3.7"
      },
      "bin": {
        "pi-ai": "dist/cli.js"
      },
      "engines": {
        "node": ">=22.19.0"
      }
    },
    "node_modules/@earendil-works/pi-telemetry": {
      "version": "0.84.2",
      "resolved": "https://registry.npmmirror.com/@earendil-works/pi-telemetry/-/pi-telemetry-0.84.2.tgz",
      "integrity": "sha512-wg5caea7uIv1BHRBm2Y116RvFG4oSAiP5qk9tA2463PDGIr4K8M1Ceyyg5DOpF/shUUl0gk826yQJAeAcHYB9g==",
      "license": "MIT",
      "engines": {
        "node": ">=22.19.0"
      }
    },
    "node_modules/@earendil-works/pi-tui": {
      "version": "0.84.2",
      "resolved": "https://registry.npmmirror.com/@earendil-works/pi-tui/-/pi-tui-0.84.2.tgz",
      "integrity": "sha512-ds2TLihOnM5sLJB3VpXV6y0uR5efVuHf4MN7yDpsty6hA2DUO/EDVzjp/0od0G2JslzVLMjT8T8zavtxVb+qbg==",
      "license": "MIT",
      "dependencies": {
        "get-east-asian-width": "1.6.0",
        "marked": "18.0.5"
      },
      "engines": {
        "node": ">=22.19.0"
      }
    },
    "node_modules/@esbuild/win32-x64": {
      "version": "0.25.12",
      "cpu": [
        "x64"
      ],
      "dev": true,
      "license": "MIT",
      "optional": true,
      "os": [
        "win32"
      ],
      "engines": {
        "node": ">=18"
      }
    },
    "node_modules/@google/genai": {
      "version": "1.52.0",
      "hasInstallScript": true,
      "license": "Apache-2.0",
      "dependencies": {
        "google-auth-library": "^10.3.0",
        "p-retry": "^4.6.2",
        "protobufjs": "^7.5.4",
        "ws": "^8.18.0"
      },
      "engines": {
        "node": ">=20.0.0"
      },
      "peerDependencies": {
        "@modelcontextprotocol/sdk": "^1.25.2"
      },
      "peerDependenciesMeta": {
        "@modelcontextprotocol/sdk": {
          "optional": true
        }
      }
    },
    "node_modules/@mixmark-io/domino": {
      "version": "2.2.0",
      "resolved": "https://registry.npmmirror.com/@mixmark-io/domino/-/domino-2.2.0.tgz",
      "integrity": "sha512-Y28PR25bHXUg88kCV7nivXrP2Nj2RueZ3/l/jdx6J9f8J4nsEGcgX0Qe6lt7Pa+J79+kPiJU3LguR6O/6zrLOw==",
      "license": "BSD-2-Clause"
    },
    "node_modules/@opentelemetry/api": {
      "version": "1.9.0",
      "resolved": "https://registry.npmmirror.com/@opentelemetry/api/-/api-1.9.0.tgz",
      "integrity": "sha512-3giAOQvZiH5F9bMlMiv8+GSPMeqg0dbaeo58/0SlA9sxSqZhnUtxzX9/2FzyhS9sWQf5S0GJE0AKBrFqjpeYcg==",
      "license": "Apache-2.0",
      "engines": {
        "node": ">=8.0.0"
      }
    },
    "node_modules/@protobufjs/aspromise": {
      "version": "1.1.2",
      "license": "BSD-3-Clause"
    },
    "node_modules/@protobufjs/base64": {
      "version": "1.1.2",
      "license": "BSD-3-Clause"
    },
    "node_modules/@protobufjs/codegen": {
      "version": "2.0.5",
      "license": "BSD-3-Clause"
    },
    "node_modules/@protobufjs/eventemitter": {
      "version": "1.1.1",
      "license": "BSD-3-Clause"
    },
    "node_modules/@protobufjs/fetch": {
      "version": "1.1.1",
      "license": "BSD-3-Clause",
      "dependencies": {
        "@protobufjs/aspromise": "^1.1.1"
      }
    },
    "node_modules/@protobufjs/float": {
      "version": "1.0.2",
      "license": "BSD-3-Clause"
    },
    "node_modules/@protobufjs/path": {
      "version": "1.1.2",
      "license": "BSD-3-Clause"
    },
    "node_modules/@protobufjs/pool": {
      "version": "1.1.0",
      "license": "BSD-3-Clause"
    },
    "node_modules/@protobufjs/utf8": {
      "version": "1.1.2",
      "license": "BSD-3-Clause"
    },
    "node_modules/@smithy/core": {
      "version": "3.33.2",
      "license": "Apache-2.0",
      "dependencies": {
        "@smithy/types": "^4.17.2",
        "tslib": "^2.6.2"
      },
      "engines": {
        "node": ">=18.0.0"
      }
    },
    "node_modules/@smithy/credential-provider-imds": {
      "version": "4.5.2",
      "license": "Apache-2.0",
      "dependencies": {
        "@smithy/core": "^3.33.2",
        "@smithy/types": "^4.17.2",
        "tslib": "^2.6.2"
      },
      "engines": {
        "node": ">=18.0.0"
      }
    },
    "node_modules/@smithy/fetch-http-handler": {
      "version": "5.7.2",
      "license": "Apache-2.0",
      "dependencies": {
        "@smithy/core": "^3.33.2",
        "@smithy/types": "^4.17.2",
        "tslib": "^2.6.2"
      },
      "engines": {
        "node": ">=18.0.0"
      }
    },
    "node_modules/@smithy/is-array-buffer": {
      "version": "2.2.0",
      "license": "Apache-2.0",
      "dependencies": {
        "tslib": "^2.6.2"
      },
      "engines": {
        "node": ">=14.0.0"
      }
    },
    "node_modules/@smithy/node-http-handler": {
      "version": "4.7.3",
      "license": "Apache-2.0",
      "dependencies": {
        "@smithy/core": "^3.24.3",
        "@smithy/types": "^4.14.2",
        "tslib": "^2.6.2"
      },
      "engines": {
        "node": ">=18.0.0"
      }
    },
    "node_modules/@smithy/signature-v4": {
      "version": "5.7.2",
      "license": "Apache-2.0",
      "dependencies": {
        "@smithy/core": "^3.33.2",
        "@smithy/types": "^4.17.2",
        "tslib": "^2.6.2"
      },
      "engines": {
        "node": ">=18.0.0"
      }
    },
    "node_modules/@smithy/types": {
      "version": "4.17.2",
      "license": "Apache-2.0",
      "dependencies": {
        "tslib": "^2.6.2"
      },
      "engines": {
        "node": ">=18.0.0"
      }
    },
    "node_modules/@smithy/util-buffer-from": {
      "version": "2.2.0",
      "license": "Apache-2.0",
      "dependencies": {
        "@smithy/is-array-buffer": "^2.2.0",
        "tslib": "^2.6.2"
      },
      "engines": {
        "node": ">=14.0.0"
      }
    },
    "node_modules/@smithy/util-utf8": {
      "version": "2.3.0",
      "license": "Apache-2.0",
      "dependencies": {
        "@smithy/util-buffer-from": "^2.2.0",
        "tslib": "^2.6.2"
      },
      "engines": {
        "node": ">=14.0.0"
      }
    },
    "node_modules/@types/node": {
      "version": "24.3.0",
      "license": "MIT",
      "dependencies": {
        "undici-types": "~7.10.0"
      }
    },
    "node_modules/@types/retry": {
      "version": "0.12.0",
      "license": "MIT"
    },
    "node_modules/@types/turndown": {
      "version": "5.0.5",
      "resolved": "https://registry.npmmirror.com/@types/turndown/-/turndown-5.0.5.tgz",
      "integrity": "sha512-TL2IgGgc7B5j78rIccBtlYAnkuv8nUQqhQc+DSYV5j9Be9XOcm/SKOVRuA47xAVI3680Tk9B1d8flK2GWT2+4w==",
      "dev": true,
      "license": "MIT"
    },
    "node_modules/agent-base": {
      "version": "7.1.4",
      "license": "MIT",
      "engines": {
        "node": ">= 14"
      }
    },
    "node_modules/base64-js": {
      "version": "1.5.1",
      "funding": [
        {
          "type": "github",
          "url": "https://github.com/sponsors/feross"
        },
        {
          "type": "patreon",
          "url": "https://www.patreon.com/feross"
        },
        {
          "type": "consulting",
          "url": "https://feross.org/support"
        }
      ],
      "license": "MIT"
    },
    "node_modules/bignumber.js": {
      "version": "9.3.1",
      "license": "MIT",
      "engines": {
        "node": "*"
      }
    },
    "node_modules/bowser": {
      "version": "2.14.1",
      "license": "MIT"
    },
    "node_modules/buffer-equal-constant-time": {
      "version": "1.0.1",
      "license": "BSD-3-Clause"
    },
    "node_modules/data-uri-to-buffer": {
      "version": "4.0.1",
      "license": "MIT",
      "engines": {
        "node": ">= 12"
      }
    },
    "node_modules/debug": {
      "version": "4.4.3",
      "license": "MIT",
      "dependencies": {
        "ms": "^2.1.3"
      },
      "engines": {
        "node": ">=6.0"
      },
      "peerDependenciesMeta": {
        "supports-color": {
          "optional": true
        }
      }
    },
    "node_modules/dom-serializer": {
      "version": "2.0.0",
      "resolved": "https://registry.npmmirror.com/dom-serializer/-/dom-serializer-2.0.0.tgz",
      "integrity": "sha512-wIkAryiqt/nV5EQKqQpo3SToSOV9J0DnbJqwK7Wv/Trc92zIAYZ4FlMu+JPFW1DfGFt81ZTCGgDEabffXeLyJg==",
      "license": "MIT",
      "dependencies": {
        "domelementtype": "^2.3.0",
        "domhandler": "^5.0.2",
        "entities": "^4.2.0"
      },
      "funding": {
        "url": "https://github.com/cheeriojs/dom-serializer?sponsor=1"
      }
    },
    "node_modules/domelementtype": {
      "version": "2.3.0",
      "resolved": "https://registry.npmmirror.com/domelementtype/-/domelementtype-2.3.0.tgz",
      "integrity": "sha512-OLETBj6w0OsagBwdXnPdN0cnMfF9opN69co+7ZrbfPGrdpPVNBUj02spi6B1N7wChLQiPn4CSH/zJvXw56gmHw==",
      "funding": [
        {
          "type": "github",
          "url": "https://github.com/sponsors/fb55"
        }
      ],
      "license": "BSD-2-Clause"
    },
    "node_modules/domhandler": {
      "version": "5.0.3",
      "resolved": "https://registry.npmmirror.com/domhandler/-/domhandler-5.0.3.tgz",
      "integrity": "sha512-cgwlv/1iFQiFnU96XXgROh8xTeetsnJiDsTc7TYCLFd9+/WNkIqPTxiM/8pSd8VIrhXGTf1Ny1q1hquVqDJB5w==",
      "license": "BSD-2-Clause",
      "dependencies": {
        "domelementtype": "^2.3.0"
      },
      "engines": {
        "node": ">= 4"
      },
      "funding": {
        "url": "https://github.com/fb55/domhandler?sponsor=1"
      }
    },
    "node_modules/domutils": {
      "version": "3.2.2",
      "resolved": "https://registry.npmmirror.com/domutils/-/domutils-3.2.2.tgz",
      "integrity": "sha512-6kZKyUajlDuqlHKVX1w7gyslj9MPIXzIFiz/rGu35uC1wMi+kMhQwGhl4lt9unC9Vb9INnY9Z3/ZA3+FhASLaw==",
      "license": "BSD-2-Clause",
      "dependencies": {
        "dom-serializer": "^2.0.0",
        "domelementtype": "^2.3.0",
        "domhandler": "^5.0.3"
      },
      "funding": {
        "url": "https://github.com/fb55/domutils?sponsor=1"
      }
    },
    "node_modules/ecdsa-sig-formatter": {
      "version": "1.0.11",
      "license": "Apache-2.0",
      "dependencies": {
        "safe-buffer": "^5.0.1"
      }
    },
    "node_modules/entities": {
      "version": "4.5.0",
      "resolved": "https://registry.npmmirror.com/entities/-/entities-4.5.0.tgz",
      "integrity": "sha512-V0hjH4dGPh9Ao5p0MoRY6BVqtwCjhz6vI5LT8AJ55H+4g9/4vbHx1I54fS0XuclLhDHArPQCiMjDxjaL8fPxhw==",
      "license": "BSD-2-Clause",
      "engines": {
        "node": ">=0.12"
      },
      "funding": {
        "url": "https://github.com/fb55/entities?sponsor=1"
      }
    },
    "node_modules/esbuild": {
      "version": "0.25.12",
      "dev": true,
      "hasInstallScript": true,
      "license": "MIT",
      "bin": {
        "esbuild": "bin/esbuild"
      },
      "engines": {
        "node": ">=18"
      },
      "optionalDependencies": {
        "@esbuild/aix-ppc64": "0.25.12",
        "@esbuild/android-arm": "0.25.12",
        "@esbuild/android-arm64": "0.25.12",
        "@esbuild/android-x64": "0.25.12",
        "@esbuild/darwin-arm64": "0.25.12",
        "@esbuild/darwin-x64": "0.25.12",
        "@esbuild/freebsd-arm64": "0.25.12",
        "@esbuild/freebsd-x64": "0.25.12",
        "@esbuild/linux-arm": "0.25.12",
        "@esbuild/linux-arm64": "0.25.12",
        "@esbuild/linux-ia32": "0.25.12",
        "@esbuild/linux-loong64": "0.25.12",
        "@esbuild/linux-mips64el": "0.25.12",
        "@esbuild/linux-ppc64": "0.25.12",
        "@esbuild/linux-riscv64": "0.25.12",
        "@esbuild/linux-s390x": "0.25.12",
        "@esbuild/linux-x64": "0.25.12",
        "@esbuild/netbsd-arm64": "0.25.12",
        "@esbuild/netbsd-x64": "0.25.12",
        "@esbuild/openbsd-arm64": "0.25.12",
        "@esbuild/openbsd-x64": "0.25.12",
        "@esbuild/openharmony-arm64": "0.25.12",
        "@esbuild/sunos-x64": "0.25.12",
        "@esbuild/win32-arm64": "0.25.12",
        "@esbuild/win32-ia32": "0.25.12",
        "@esbuild/win32-x64": "0.25.12"
      }
    },
    "node_modules/extend": {
      "version": "3.0.2",
      "license": "MIT"
    },
    "node_modules/fetch-blob": {
      "version": "3.2.0",
      "funding": [
        {
          "type": "github",
          "url": "https://github.com/sponsors/jimmywarting"
        },
        {
          "type": "paypal",
          "url": "https://paypal.me/jimmywarting"
        }
      ],
      "license": "MIT",
      "dependencies": {
        "node-domexception": "^1.0.0",
        "web-streams-polyfill": "^3.0.3"
      },
      "engines": {
        "node": "^12.20 || >= 14.13"
      }
    },
    "node_modules/formdata-polyfill": {
      "version": "4.0.10",
      "license": "MIT",
      "dependencies": {
        "fetch-blob": "^3.1.2"
      },
      "engines": {
        "node": ">=12.20.0"
      }
    },
    "node_modules/gaxios": {
      "version": "7.3.1",
      "license": "Apache-2.0",
      "dependencies": {
        "extend": "^3.0.2",
        "https-proxy-agent": "^7.0.1",
        "node-fetch": "^3.3.2"
      },
      "engines": {
        "node": ">=18"
      }
    },
    "node_modules/gcp-metadata": {
      "version": "8.1.2",
      "license": "Apache-2.0",
      "dependencies": {
        "gaxios": "^7.0.0",
        "google-logging-utils": "^1.0.0",
        "json-bigint": "^1.0.0"
      },
      "engines": {
        "node": ">=18"
      }
    },
    "node_modules/get-east-asian-width": {
      "version": "1.6.0",
      "license": "MIT",
      "engines": {
        "node": ">=18"
      },
      "funding": {
        "url": "https://github.com/sponsors/sindresorhus"
      }
    },
    "node_modules/get-tsconfig": {
      "version": "4.14.3",
      "dev": true,
      "license": "MIT",
      "dependencies": {
        "resolve-pkg-maps": "^1.0.0"
      },
      "funding": {
        "url": "https://github.com/privatenumber/get-tsconfig?sponsor=1"
      }
    },
    "node_modules/google-auth-library": {
      "version": "10.9.1",
      "license": "Apache-2.0",
      "dependencies": {
        "base64-js": "^1.3.0",
        "ecdsa-sig-formatter": "^1.0.11",
        "gaxios": "^7.1.4",
        "gcp-metadata": "8.1.2",
        "google-logging-utils": "1.1.3",
        "jws": "^4.0.0"
      },
      "engines": {
        "node": ">=18"
      }
    },
    "node_modules/google-logging-utils": {
      "version": "1.1.3",
      "license": "Apache-2.0",
      "engines": {
        "node": ">=14"
      }
    },
    "node_modules/htmlparser2": {
      "version": "8.0.2",
      "resolved": "https://registry.npmmirror.com/htmlparser2/-/htmlparser2-8.0.2.tgz",
      "integrity": "sha512-GYdjWKDkbRLkZ5geuHs5NY1puJ+PXwP7+fHPRz06Eirsb9ugf6d8kkXav6ADhcODhFFPMIXyxkxSuMf3D6NCFA==",
      "funding": [
        "https://github.com/fb55/htmlparser2?sponsor=1",
        {
          "type": "github",
          "url": "https://github.com/sponsors/fb55"
        }
      ],
      "license": "MIT",
      "dependencies": {
        "domelementtype": "^2.3.0",
        "domhandler": "^5.0.3",
        "domutils": "^3.0.1",
        "entities": "^4.4.0"
      }
    },
    "node_modules/http-proxy-agent": {
      "version": "7.0.2",
      "license": "MIT",
      "dependencies": {
        "agent-base": "^7.1.0",
        "debug": "^4.3.4"
      },
      "engines": {
        "node": ">= 14"
      }
    },
    "node_modules/https-proxy-agent": {
      "version": "7.0.6",
      "license": "MIT",
      "dependencies": {
        "agent-base": "^7.1.2",
        "debug": "4"
      },
      "engines": {
        "node": ">= 14"
      }
    },
    "node_modules/json-bigint": {
      "version": "1.0.0",
      "license": "MIT",
      "dependencies": {
        "bignumber.js": "^9.0.0"
      }
    },
    "node_modules/json-schema-to-ts": {
      "version": "3.1.1",
      "license": "MIT",
      "dependencies": {
        "@babel/runtime": "^7.18.3",
        "ts-algebra": "^2.0.0"
      },
      "engines": {
        "node": ">=16"
      }
    },
    "node_modules/jwa": {
      "version": "2.0.1",
      "license": "MIT",
      "dependencies": {
        "buffer-equal-constant-time": "^1.0.1",
        "ecdsa-sig-formatter": "1.0.11",
        "safe-buffer": "^5.0.1"
      }
    },
    "node_modules/jws": {
      "version": "4.0.1",
      "license": "MIT",
      "dependencies": {
        "jwa": "^2.0.1",
        "safe-buffer": "^5.0.1"
      }
    },
    "node_modules/long": {
      "version": "5.3.2",
      "license": "Apache-2.0"
    },
    "node_modules/marked": {
      "version": "18.0.5",
      "license": "MIT",
      "bin": {
        "marked": "bin/marked.js"
      },
      "engines": {
        "node": ">= 20"
      }
    },
    "node_modules/ms": {
      "version": "2.1.3",
      "license": "MIT"
    },
    "node_modules/node-domexception": {
      "version": "1.0.0",
      "funding": [
        {
          "type": "github",
          "url": "https://github.com/sponsors/jimmywarting"
        },
        {
          "type": "github",
          "url": "https://paypal.me/jimmywarting"
        }
      ],
      "license": "MIT",
      "engines": {
        "node": ">=10.5.0"
      }
    },
    "node_modules/node-fetch": {
      "version": "3.3.2",
      "license": "MIT",
      "dependencies": {
        "data-uri-to-buffer": "^4.0.0",
        "fetch-blob": "^3.1.4",
        "formdata-polyfill": "^4.0.10"
      },
      "engines": {
        "node": "^12.20.0 || ^14.13.1 || >=16.0.0"
      },
      "funding": {
        "type": "opencollective",
        "url": "https://opencollective.com/node-fetch"
      }
    },
    "node_modules/openai": {
      "version": "6.40.0",
      "license": "Apache-2.0",
      "peerDependencies": {
        "ws": "^8.18.0",
        "zod": "^3.25 || ^4.0"
      },
      "peerDependenciesMeta": {
        "ws": {
          "optional": true
        },
        "zod": {
          "optional": true
        }
      }
    },
    "node_modules/p-retry": {
      "version": "4.6.2",
      "license": "MIT",
      "dependencies": {
        "@types/retry": "0.12.0",
        "retry": "^0.13.1"
      },
      "engines": {
        "node": ">=8"
      }
    },
    "node_modules/partial-json": {
      "version": "0.1.7",
      "license": "MIT"
    },
    "node_modules/protobufjs": {
      "version": "7.6.5",
      "hasInstallScript": true,
      "license": "BSD-3-Clause",
      "dependencies": {
        "@protobufjs/aspromise": "^1.1.2",
        "@protobufjs/base64": "^1.1.2",
        "@protobufjs/codegen": "^2.0.5",
        "@protobufjs/eventemitter": "^1.1.1",
        "@protobufjs/fetch": "^1.1.1",
        "@protobufjs/float": "^1.0.2",
        "@protobufjs/path": "^1.1.2",
        "@protobufjs/pool": "^1.1.0",
        "@protobufjs/utf8": "^1.1.1",
        "@types/node": ">=13.7.0",
        "long": "^5.3.2"
      },
      "engines": {
        "node": ">=12.0.0"
      }
    },
    "node_modules/resolve-pkg-maps": {
      "version": "1.0.0",
      "dev": true,
      "license": "MIT",
      "funding": {
        "url": "https://github.com/privatenumber/resolve-pkg-maps?sponsor=1"
      }
    },
    "node_modules/retry": {
      "version": "0.13.1",
      "license": "MIT",
      "engines": {
        "node": ">= 4"
      }
    },
    "node_modules/safe-buffer": {
      "version": "5.2.1",
      "funding": [
        {
          "type": "github",
          "url": "https://github.com/sponsors/feross"
        },
        {
          "type": "patreon",
          "url": "https://www.patreon.com/feross"
        },
        {
          "type": "consulting",
          "url": "https://feross.org/support"
        }
      ],
      "license": "MIT"
    },
    "node_modules/ts-algebra": {
      "version": "2.0.0",
      "license": "MIT"
    },
    "node_modules/tslib": {
      "version": "2.8.1",
      "license": "0BSD"
    },
    "node_modules/tsx": {
      "version": "4.20.5",
      "dev": true,
      "license": "MIT",
      "dependencies": {
        "esbuild": "~0.25.0",
        "get-tsconfig": "^4.7.5"
      },
      "bin": {
        "tsx": "dist/cli.mjs"
      },
      "engines": {
        "node": ">=18.0.0"
      },
      "optionalDependencies": {
        "fsevents": "~2.3.3"
      }
    },
    "node_modules/turndown": {
      "version": "7.2.0",
      "resolved": "https://registry.npmmirror.com/turndown/-/turndown-7.2.0.tgz",
      "integrity": "sha512-eCZGBN4nNNqM9Owkv9HAtWRYfLA4h909E/WGAWWBpmB275ehNhZyk87/Tpvjbp0jjNl9XwCsbe6bm6CqFsgD+A==",
      "license": "MIT",
      "dependencies": {
        "@mixmark-io/domino": "^2.2.0"
      }
    },
    "node_modules/typebox": {
      "version": "1.3.7",
      "license": "MIT"
    },
    "node_modules/typescript": {
      "version": "5.9.2",
      "dev": true,
      "license": "Apache-2.0",
      "bin": {
        "tsc": "bin/tsc",
        "tsserver": "bin/tsserver"
      },
      "engines": {
        "node": ">=14.17"
      }
    },
    "node_modules/undici-types": {
      "version": "7.10.0",
      "license": "MIT"
    },
    "node_modules/web-streams-polyfill": {
      "version": "3.3.3",
      "license": "MIT",
      "engines": {
        "node": ">= 8"
      }
    },
    "node_modules/ws": {
      "version": "8.21.3",
      "license": "MIT",
      "engines": {
        "node": ">=10.0.0"
      },
      "peerDependencies": {
        "bufferutil": "^4.0.1",
        "utf-8-validate": ">=5.0.2"
      },
      "peerDependenciesMeta": {
        "bufferutil": {
          "optional": true
        },
        "utf-8-validate": {
          "optional": true
        }
      }
    }
  }
}
